
Microsoft Visual Studio Solution File, Format Version 12.00
# Visual Studio Version 17
VisualStudioVersion = 17.14.36327.8 d17.14
MinimumVisualStudioVersion = 10.0.40219.1
Project("{FAE04EC0-301F-11D3-BF4B-00C04F79EFBC}") = "ViewData_MVC_App", "ViewData_MVC_App\ViewData_MVC_App.csproj", "{ACAA428E-4CDD-4F1A-82F4-98D83DCC148C}"
EndProject
Global
	GlobalSection(SolutionConfigurationPlatforms) = preSolution
		Debug|Any CPU = Debug|Any CPU
		Release|Any CPU = Release|Any CPU
	EndGlobalSection
	GlobalSection(ProjectConfigurationPlatforms) = postSolution
		{ACAA428E-4CDD-4F1A-82F4-98D83DCC148C}.Debug|Any CPU.ActiveCfg = Debug|Any CPU
		{ACAA428E-4CDD-4F1A-82F4-98D83DCC148C}.Debug|Any CPU.Build.0 = Debug|Any CPU
		{ACAA428E-4CDD-4F1A-82F4-98D83DCC148C}.Release|Any CPU.ActiveCfg = Release|Any CPU
		{ACAA428E-4CDD-4F1A-82F4-98D83DCC148C}.Release|Any CPU.Build.0 = Release|Any CPU
	EndGlobalSection
	GlobalSection(SolutionProperties) = preSolution
		HideSolutionNode = FALSE
	EndGlobalSection
	GlobalSection(ExtensibilityGlobals) = postSolution
		SolutionGuid = {6C291D22-84E2-4CBD-87BB-1FB115AE038C}
	EndGlobalSection
EndGlobal
